// !$*UTF8*$!
{
	archiveVersion = 1;
	classes = {
	};
	objectVersion = 46;
	objects = {

/* Begin PBXBuildFile section */
		DD38ED1A1DE684A6006D33EF /* AppDelegate.swift in Sources */ = {isa = PBXBuildFile; fileRef = DD38ED191DE684A6006D33EF /* AppDelegate.swift */; };
		DD38ED1C1DE684A6006D33EF /* ViewController.swift in Sources */ = {isa = PBXBuildFile; fileRef = DD38ED1B1DE684A6006D33EF /* ViewController.swift */; };
		DD38ED1F1DE684A6006D33EF /* Main.storyboard in Resources */ = {isa = PBXBuildFile; fileRef = DD38ED1D1DE684A6006D33EF /* Main.storyboard */; };
		DD38ED211DE684A6006D33EF /* Assets.xcassets in Resources */ = {isa = PBXBuildFile; fileRef = DD38ED201DE684A6006D33EF /* Assets.xcassets */; };
		DD38ED241DE684A6006D33EF /* LaunchScreen.storyboard in Resources */ = {isa = PBXBuildFile; fileRef = DD38ED221DE684A6006D33EF /* LaunchScreen.storyboard */; };
/* End PBXBuildFile section */

/* Begin PBXFileReference section */
		DD38ED161DE684A6006D33EF /* NativeApp.app */ = {isa = PBXFileReference; explicitFileType = wrapper.application; includeInIndex = 0; path = NativeApp.app; sourceTree = BUILT_PRODUCTS_DIR; };
		DD38ED191DE684A6006D33EF /* AppDelegate.swift */ = {isa = PBXFileReference; lastKnownFileType = sourcecode.swift; path = AppDelegate.swift; sourceTree = "<group>"; };
		DD38ED1B1DE684A6006D33EF /* ViewController.swift */ = {isa = PBXFileReference; lastKnownFileType = sourcecode.swift; path = ViewController.swift; sourceTree = "<group>"; };
		DD38ED1E1DE684A6006D33EF /* Base */ = {isa = PBXFileReference; lastKnownFileType = file.storyboard; name = Base; path = Base.lproj/Main.storyboard; sourceTree = "<group>"; };
		DD38ED201DE684A6006D33EF /* Assets.xcassets */ = {isa = PBXFileReference; lastKnownFileType = folder.assetcatalog; path = Assets.xcassets; sourceTree = "<group>"; };
		DD38ED231DE684A6006D33EF /* Base */ = {isa = PBXFileReference; lastKnownFileType = file.storyboard; name = Base; path = Base.lproj/LaunchScreen.storyboard; sourceTree = "<group>"; };
		DD38ED251DE684A6006D33EF /* Info.plist */ = {isa = PBXFileReference; lastKnownFileType = text.plist.xml; path = Info.plist; sourceTree = "<group>"; };
/* End PBXFileReference section */

/* Begin PBXFrameworksBuildPhase section */
		DD38ED131DE684A6006D33EF /* Frameworks */ = {
			isa = PBXFrameworksBuildPhase;
			buildActionMask = 2147483647;
			files = (
			);
			runOnlyForDeploymentPostprocessing = 0;
		};
/* End PBXFrameworksBuildPhase section */

/* Begin PBXGroup section */
		DD38ED0D1DE684A5006D33EF = {
			isa = PBXGroup;
			children = (
				DD38ED181DE684A6006D33EF /* NativeApp */,
				DD38ED171DE684A6006D33EF /* Products */,
			);
			sourceTree = "<group>";
		};
		DD38ED171DE684A6006D33EF /* Products */ = {
			isa = PBXGroup;
			children = (
				DD38ED161DE684A6006D33EF /* NativeApp.app */,
			);
			name = Products;
			sourceTree = "<group>";
		};
		DD38ED181DE684A6006D33EF /* NativeApp */ = {
			isa = PBXGroup;
			children = (
				DD38ED191DE684A6006D33EF /* AppDelegate.swift */,
				DD38ED1B1DE684A6006D33EF /* ViewController.swift */,
				DD38ED1D1DE684A6006D33EF /* Main.storyboard */,
				DD38ED201DE684A6006D33EF /* Assets.xcassets */,
				DD38ED221DE684A6006D33EF /* LaunchScreen.storyboard */,
				DD38ED251DE684A6006D33EF /* Info.plist */,
			);
			path = NativeApp;
			sourceTree = "<group>";
		};
/* End PBXGroup section */

/* Begin PBXNativeTarget section */
		DD38ED151DE684A6006D33EF /* NativeApp */ = {
			isa = PBXNativeTarget;
			buildConfigurationList = DD38ED281DE684A6006D33EF /* Build configuration list for PBXNativeTarget "NativeApp" */;
			buildPhases = (
				DD38ED121DE684A6006D33EF /* Sources */,
				DD38ED131DE684A6006D33EF /* Frameworks */,
				DD38ED141DE684A6006D33EF /* Resources */,
			);
			buildRules = (
			);
			dependencies = (
			);
			name = NativeApp;
			productName = NativeApp;
			productReference = DD38ED161DE684A6006D33EF /* NativeApp.app */;
			productType = "com.apple.product-type.application";
		};
/* End PBXNativeTarget section */

/* Begin PBXProject section */
		DD38ED0E1DE684A5006D33EF /* Project object */ = {
			isa = PBXProject;
			attributes = {
				LastSwiftUpdateCheck = 0810;
				LastUpgradeCheck = 0810;
				ORGANIZATIONNAME = Archivo.Digital;
				TargetAttributes = {
					DD38ED151DE684A6006D33EF = {
						CreatedOnToolsVersion = 8.1;
						DevelopmentTeam = D7N8YFLZUT;
						ProvisioningStyle = Automatic;
					};
				};
			};
			buildConfigurationList = DD38ED111DE684A5006D33EF /* Build configuration list for PBXProject "NativeApp" */;
			compatibilityVersion = "Xcode 3.2";
			developmentRegion = English;
			hasScannedForEncodings = 0;
			knownRegions = (
				en,
				Base,
			);
			mainGroup = DD38ED0D1DE684A5006D33EF;
			productRefGroup = DD38ED171DE684A6006D33EF /* Products */;
			projectDirPath = "";
			projectRoot = "";
			targets = (
				DD38ED151DE684A6006D33EF /* NativeApp */,
			);
		};
/* End PBXProject section */

/* Begin PBXResourcesBuildPhase section */
		DD38ED141DE684A6006D33EF /* Resources */ = {
			isa = PBXResourcesBuildPhase;
			buildActionMask = 2147483647;
			files = (
				DD38ED241DE684A6006D33EF /* LaunchScreen.storyboard in Resources */,
				DD38ED211DE684A6006D33EF /* Assets.xcassets in Resources */,
				DD38ED1F1DE684A6006D33EF /* Main.storyboard in Resources */,
			);
			runOnlyForDeploymentPostprocessing = 0;
		};
/* End PBXResourcesBuildPhase section */

/* Begin PBXSourcesBuildPhase section */
		DD38ED121DE684A6006D33EF /* Sources */ = {
			isa = PBXSourcesBuildPhase;
			buildActionMask = 2147483647;
			files = (
				DD38ED1C1DE684A6006D33EF /* ViewController.swift in Sources */,
				DD38ED1A1DE684A6006D33EF /* AppDelegate.swift in Sources */,
			);
			runOnlyForDeploymentPostprocessing = 0;
		};
/* End PBXSourcesBuildPhase section */

/* Begin PBXVariantGroup section */
		DD38ED1D1DE684A6006D33EF /* Main.storyboard */ = {
			isa = PBXVariantGroup;
			children = (
				DD38ED1E1DE684A6006D33EF /* Base */,
			);
			name = Main.storyboard;
			sourceTree = "<group>";
		};
		DD38ED221DE684A6006D33EF /* LaunchScreen.storyboard */ = {
			isa = PBXVariantGroup;
			children = (
				DD38ED231DE684A6006D33EF /* Base */,
			);
			name = LaunchScreen.storyboard;
			sourceTree = "<group>";
		};
/* End PBXVariantGroup section */

/* Begin XCBuildConfiguration section */
		DD38ED261DE684A6006D33EF /* Debug */ = {
			isa = XCBuildConfiguration;
			buildSettings = {
				ALWAYS_SEARCH_USER_PATHS = NO;
				CLANG_ANALYZER_NONNULL = YES;
				CLANG_CXX_LANGUAGE_STANDARD = "gnu++0x";
				CLANG_CXX_LIBRARY = "libc++";
				CLANG_ENABLE_MODULES = YES;
				CLANG_ENABLE_OBJC_ARC = YES;
				CLANG_WARN_BOOL_CONVERSION = YES;
				CLANG_WARN_CONSTANT_CONVERSION = YES;
				CLANG_WARN_DIRECT_OBJC_ISA_USAGE = YES_ERROR;
				CLANG_WARN_DOCUMENTATION_COMMENTS = YES;
				CLANG_WARN_EMPTY_BODY = YES;
				CLANG_WARN_ENUM_CONVERSION = YES;
				CLANG_WARN_INFINITE_RECURSION = YES;
				CLANG_WARN_INT_CONVERSION = YES;
				CLANG_WARN_OBJC_ROOT_CLASS = YES_ERROR;
				CLANG_WARN_SUSPICIOUS_MOVES = YES;
				CLANG_WARN_UNREACHABLE_CODE = YES;
				CLANG_WARN__DUPLICATE_METHOD_MATCH = YES;
				"CODE_SIGN_IDENTITY[sdk=iphoneos*]" = "iPhone Developer";
				COPY_PHASE_STRIP = NO;
				DEBUG_INFORMATION_FORMAT = dwarf;
				ENABLE_STRICT_OBJC_MSGSEND = YES;
				ENABLE_TESTABILITY = YES;
				GCC_C_LANGUAGE_STANDARD = gnu99;
				GCC_DYNAMIC_NO_PIC = NO;
				GCC_NO_COMMON_BLOCKS = YES;
				GCC_OPTIMIZATION_LEVEL = 0;
				GCC_PREPROCESSOR_DEFINITIONS = (
					"DEBUG=1",
					"$(inherited)",
				);
				GCC_WARN_64_TO_32_BIT_CONVERSION = YES;
				GCC_WARN_ABOUT_RETURN_TYPE = YES_ERROR;
				GCC_WARN_UNDECLARED_SELECTOR = YES;
				GCC_WARN_UNINITIALIZED_AUTOS = YES_AGGRESSIVE;
				GCC_WARN_UNUSED_FUNCTION = YES;
				GCC_WARN_UNUSED_VARIABLE = YES;
				IPHONEOS_DEPLOYMENT_TARGET = 10.1;
				MTL_ENABLE_DEBUG_INFO = YES;
				ONLY_ACTIVE_ARCH = YES;
				SDKROOT = iphoneos;
				SWIFT_ACTIVE_COMPILATION_CONDITIONS = DEBUG;
				SWIFT_OPTIMIZATION_LEVEL = "-Onone";
			};
			name = Debug;
		};
		DD38ED271DE684A6006D33EF /* Release */ = {
			isa = XCBuildConfiguration;
			buildSettings = {
				ALWAYS_SEARCH_USER_PATHS = NO;
				CLANG_ANALYZER_NONNULL = YES;
				CLANG_CXX_LANGUAGE_STANDARD = "gnu++0x";
				CLANG_CXX_LIBRARY = "libc++";
				CLANG_ENABLE_MODULES = YES;
				CLANG_ENABLE_OBJC_ARC = YES;
				CLANG_WARN_BOOL_CONVERSION = YES;
				CLANG_WARN_CONSTANT_CONVERSION = YES;
				CLANG_WARN_DIRECT_OBJC_ISA_USAGE = YES_ERROR;
				CLANG_WARN_DOCUMENTATION_COMMENTS = YES;
				CLANG_WARN_EMPTY_BODY = YES;
				CLANG_WARN_ENUM_CONVERSION = YES;
				CLANG_WARN_INFINITE_RECURSION = YES;
				CLANG_WARN_INT_CONVERSION = YES;
				CLANG_WARN_OBJC_ROOT_CLASS = YES_ERROR;
				CLANG_WARN_SUSPICIOUS_MOVES = YES;
				CLANG_WARN_UNREACHABLE_CODE = YES;
				CLANG_WARN__DUPLICATE_METHOD_MATCH = YES;
				"CODE_SIGN_IDENTITY[sdk=iphoneos*]" = "iPhone Developer";
				COPY_PHASE_STRIP = NO;
				DEBUG_INFORMATION_FORMAT = "dwarf-with-dsym";
				ENABLE_NS_ASSERTIONS = NO;
				ENABLE_STRICT_OBJC_MSGSEND = YES;
				GCC_C_LANGUAGE_STANDARD = gnu99;
				GCC_NO_COMMON_BLOCKS = YES;
				GCC_WARN_64_TO_32_BIT_CONVERSION = YES;
				GCC_WARN_ABOUT_RETURN_TYPE = YES_ERROR;
				GCC_WARN_UNDECLARED_SELECTOR = YES;
				GCC_WARN_UNINITIALIZED_AUTOS = YES_AGGRESSIVE;
				GCC_WARN_UNUSED_FUNCTION = YES;
				GCC_WARN_UNUSED_VARIABLE = YES;
				IPHONEOS_DEPLOYMENT_TARGET = 10.1;
				MTL_ENABLE_DEBUG_INFO = NO;
				SDKROOT = iphoneos;
				SWIFT_OPTIMIZATION_LEVEL = "-Owholemodule";
				VALIDATE_PRODUCT = YES;
			};
			name = Release;
		};
		DD38ED291DE684A6006D33EF /* Debug */ = {
			isa = XCBuildConfiguration;
			buildSettings = {
				ASSETCATALOG_COMPILER_APPICON_NAME = AppIcon;
				DEVELOPMENT_TEAM = D7N8YFLZUT;
				INFOPLIST_FILE = NativeApp/Info.plist;
				LD_RUNPATH_SEARCH_PATHS = "$(inherited) @executable_path/Frameworks";
				PRODUCT_BUNDLE_IDENTIFIER = com.miguel.roncallo.NativeApp;
				PRODUCT_NAME = "$(TARGET_NAME)";
				SWIFT_VERSION = 3.0;
			};
			name = Debug;
		};
		DD38ED2A1DE684A6006D33EF /* Release */ = {
			isa = XCBuildConfiguration;
			buildSettings = {
				ASSETCATALOG_COMPILER_APPICON_NAME = AppIcon;
				DEVELOPMENT_TEAM = D7N8YFLZUT;
				INFOPLIST_FILE = NativeApp/Info.plist;
				LD_RUNPATH_SEARCH_PATHS = "$(inherited) @executable_path/Frameworks";
				PRODUCT_BUNDLE_IDENTIFIER = com.miguel.roncallo.NativeApp;
				PRODUCT_NAME = "$(TARGET_NAME)";
				SWIFT_VERSION = 3.0;
			};
			name = Release;
		};
/* End XCBuildConfiguration section */

/* Begin XCConfigurationList section */
		DD38ED111DE684A5006D33EF /* Build configuration list for PBXProject "NativeApp" */ = {
			isa = XCConfigurationList;
			buildConfigurations = (
				DD38ED261DE684A6006D33EF /* Debug */,
				DD38ED271DE684A6006D33EF /* Release */,
			);
			defaultConfigurationIsVisible = 0;
			defaultConfigurationName = Release;
		};
		DD38ED281DE684A6006D33EF /* Build configuration list for PBXNativeTarget "NativeApp" */ = {
			isa = XCConfigurationList;
			buildConfigurations = (
				DD38ED291DE684A6006D33EF /* Debug */,
				DD38ED2A1DE684A6006D33EF /* Release */,
			);
			defaultConfigurationIsVisible = 0;
		};
/* End XCConfigurationList section */
	};
	rootObject = DD38ED0E1DE684A5006D33EF /* Project object */;
}
